
Microsoft Visual Studio Solution File, Format Version 12.00
# Visual Studio Version 17
VisualStudioVersion = 17.14.36301.6 d17.14
MinimumVisualStudioVersion = 10.0.40219.1
Project("{FAE04EC0-301F-11D3-BF4B-00C04F79EFBC}") = "busaoBack", "busaoBack.csproj", "{8D628113-AD4F-4C20-979E-1827C2A7D399}"
EndProject
Project("{FAE04EC0-301F-11D3-BF4B-00C04F79EFBC}") = "Service", "..\Service\Service.csproj", "{EADEB247-2B85-4D56-B914-80F22164E47B}"
EndProject
Project("{FAE04EC0-301F-11D3-BF4B-00C04F79EFBC}") = "Domain", "..\Domain\Domain.csproj", "{13B9C33D-B572-425E-A2DF-E13CD4FD98CB}"
EndProject
Project("{FAE04EC0-301F-11D3-BF4B-00C04F79EFBC}") = "Persistense", "..\Persistense\Persistense.csproj", "{48BE25CB-941F-4BBA-885B-084E11ED952E}"
EndProject
Global
	GlobalSection(SolutionConfigurationPlatforms) = preSolution
		Debug|Any CPU = Debug|Any CPU
		Release|Any CPU = Release|Any CPU
	EndGlobalSection
	GlobalSection(ProjectConfigurationPlatforms) = postSolution
		{8D628113-AD4F-4C20-979E-1827C2A7D399}.Debug|Any CPU.ActiveCfg = Debug|Any CPU
		{8D628113-AD4F-4C20-979E-1827C2A7D399}.Debug|Any CPU.Build.0 = Debug|Any CPU
		{8D628113-AD4F-4C20-979E-1827C2A7D399}.Release|Any CPU.ActiveCfg = Release|Any CPU
		{8D628113-AD4F-4C20-979E-1827C2A7D399}.Release|Any CPU.Build.0 = Release|Any CPU
		{EADEB247-2B85-4D56-B914-80F22164E47B}.Debug|Any CPU.ActiveCfg = Debug|Any CPU
		{EADEB247-2B85-4D56-B914-80F22164E47B}.Debug|Any CPU.Build.0 = Debug|Any CPU
		{EADEB247-2B85-4D56-B914-80F22164E47B}.Release|Any CPU.ActiveCfg = Release|Any CPU
		{EADEB247-2B85-4D56-B914-80F22164E47B}.Release|Any CPU.Build.0 = Release|Any CPU
		{13B9C33D-B572-425E-A2DF-E13CD4FD98CB}.Debug|Any CPU.ActiveCfg = Debug|Any CPU
		{13B9C33D-B572-425E-A2DF-E13CD4FD98CB}.Debug|Any CPU.Build.0 = Debug|Any CPU
		{13B9C33D-B572-425E-A2DF-E13CD4FD98CB}.Release|Any CPU.ActiveCfg = Release|Any CPU
		{13B9C33D-B572-425E-A2DF-E13CD4FD98CB}.Release|Any CPU.Build.0 = Release|Any CPU
		{48BE25CB-941F-4BBA-885B-084E11ED952E}.Debug|Any CPU.ActiveCfg = Debug|Any CPU
		{48BE25CB-941F-4BBA-885B-084E11ED952E}.Debug|Any CPU.Build.0 = Debug|Any CPU
		{48BE25CB-941F-4BBA-885B-084E11ED952E}.Release|Any CPU.ActiveCfg = Release|Any CPU
		{48BE25CB-941F-4BBA-885B-084E11ED952E}.Release|Any CPU.Build.0 = Release|Any CPU
	EndGlobalSection
	GlobalSection(SolutionProperties) = preSolution
		HideSolutionNode = FALSE
	EndGlobalSection
	GlobalSection(ExtensibilityGlobals) = postSolution
		SolutionGuid = {C8D95E06-5E21-4AED-ABF1-A1F9B9DB68C7}
	EndGlobalSection
EndGlobal
